{
  "version": 4,
  "terraform_version": "1.4.0",
  "serial": 189,
  "lineage": "fe1efc26-9822-a94d-0a16-7705ca80eec5",
  "outputs": {
    "bastion_fips": {
      "value": [
        "119.18.13.78"
      ],
      "type": [
        "list",
        "string"
      ]
    },
    "floating_network_id": {
      "value": "8489f227-54a8-4a9c-b754-56645a676e5d",
      "type": "string"
    },
    "private_subnet_id": {
      "value": "fa926ba3-17e9-46e7-9643-ad8307e7ec42",
      "type": "string"
    }
  },
  "resources": [
    {
      "module": "module.compute",
      "mode": "data",
      "type": "openstack_images_image_v2",
      "name": "gfs_image",
      "provider": "provider[\"registry.terraform.io/terraform-provider-openstack/openstack\"]",
      "instances": [
        {
          "index_key": 0,
          "schema_version": 0,
          "attributes": {
            "checksum": "9162b31db4c9bd059a89b08c790554a1",
            "container_format": "bare",
            "created_at": "2023-03-22T01:44:00Z",
            "disk_format": "qcow2",
            "file": "/v2/images/c4042fa0-b2fb-4506-80c4-0d385af99f70/file",
            "hidden": false,
            "id": "c4042fa0-b2fb-4506-80c4-0d385af99f70",
            "member_status": null,
            "metadata": {},
            "min_disk_gb": 40,
            "min_ram_mb": 0,
            "most_recent": true,
            "name": "Ubuntu 20.04 K8",
            "name_regex": null,
            "owner": "cffac32bb5214802a45a1337fa6e7fb4",
            "properties": {
              "hw_vif_model": "virtio",
              "os_hash_algo": "sha512",
              "os_hash_value": "ca788d76b6bf14869ad7d9edd001400ce430e3c0ad748e1a80bcafc942ffbd49085a1ada9fe6a5c7e3e1c462ba9bafecf3521baa8912bd311685e6f49f4c21fa",
              "os_type": "linux",
              "owner_specified.openstack.md5": "",
              "owner_specified.openstack.object": "images/Ubuntu 20.04 K8",
              "owner_specified.openstack.sha256": "",
              "stores": "rbd"
            },
            "protected": false,
            "region": "RegionOne",
            "schema": "/v2/schemas/image",
            "size_bytes": 22118711296,
            "size_max": null,
            "size_min": null,
            "sort_direction": "asc",
            "sort_key": "name",
            "tag": null,
            "tags": [],
            "updated_at": "2023-03-22T02:21:31Z",
            "visibility": "public"
          },
          "sensitive_attributes": []
        }
      ]
    },
    {
      "module": "module.compute",
      "mode": "data",
      "type": "openstack_images_image_v2",
      "name": "image_master",
      "provider": "provider[\"registry.terraform.io/terraform-provider-openstack/openstack\"]",
      "instances": [
        {
          "index_key": 0,
          "schema_version": 0,
          "attributes": {
            "checksum": "9162b31db4c9bd059a89b08c790554a1",
            "container_format": "bare",
            "created_at": "2023-03-22T01:44:00Z",
            "disk_format": "qcow2",
            "file": "/v2/images/c4042fa0-b2fb-4506-80c4-0d385af99f70/file",
            "hidden": false,
            "id": "c4042fa0-b2fb-4506-80c4-0d385af99f70",
            "member_status": null,
            "metadata": {},
            "min_disk_gb": 40,
            "min_ram_mb": 0,
            "most_recent": false,
            "name": "Ubuntu 20.04 K8",
            "name_regex": null,
            "owner": "cffac32bb5214802a45a1337fa6e7fb4",
            "properties": {
              "hw_vif_model": "virtio",
              "os_hash_algo": "sha512",
              "os_hash_value": "ca788d76b6bf14869ad7d9edd001400ce430e3c0ad748e1a80bcafc942ffbd49085a1ada9fe6a5c7e3e1c462ba9bafecf3521baa8912bd311685e6f49f4c21fa",
              "os_type": "linux",
              "owner_specified.openstack.md5": "",
              "owner_specified.openstack.object": "images/Ubuntu 20.04 K8",
              "owner_specified.openstack.sha256": "",
              "stores": "rbd"
            },
            "protected": false,
            "region": "RegionOne",
            "schema": "/v2/schemas/image",
            "size_bytes": 22118711296,
            "size_max": null,
            "size_min": null,
            "sort_direction": "asc",
            "sort_key": "name",
            "tag": null,
            "tags": [],
            "updated_at": "2023-03-22T02:21:31Z",
            "visibility": "public"
          },
          "sensitive_attributes": []
        }
      ]
    },
    {
      "module": "module.compute",
      "mode": "data",
      "type": "openstack_images_image_v2",
      "name": "vm_image",
      "provider": "provider[\"registry.terraform.io/terraform-provider-openstack/openstack\"]",
      "instances": [
        {
          "index_key": 0,
          "schema_version": 0,
          "attributes": {
            "checksum": "9162b31db4c9bd059a89b08c790554a1",
            "container_format": "bare",
            "created_at": "2023-03-22T01:44:00Z",
            "disk_format": "qcow2",
            "file": "/v2/images/c4042fa0-b2fb-4506-80c4-0d385af99f70/file",
            "hidden": false,
            "id": "c4042fa0-b2fb-4506-80c4-0d385af99f70",
            "member_status": null,
            "metadata": {},
            "min_disk_gb": 40,
            "min_ram_mb": 0,
            "most_recent": true,
            "name": "Ubuntu 20.04 K8",
            "name_regex": null,
            "owner": "cffac32bb5214802a45a1337fa6e7fb4",
            "properties": {
              "hw_vif_model": "virtio",
              "os_hash_algo": "sha512",
              "os_hash_value": "ca788d76b6bf14869ad7d9edd001400ce430e3c0ad748e1a80bcafc942ffbd49085a1ada9fe6a5c7e3e1c462ba9bafecf3521baa8912bd311685e6f49f4c21fa",
              "os_type": "linux",
              "owner_specified.openstack.md5": "",
              "owner_specified.openstack.object": "images/Ubuntu 20.04 K8",
              "owner_specified.openstack.sha256": "",
              "stores": "rbd"
            },
            "protected": false,
            "region": "RegionOne",
            "schema": "/v2/schemas/image",
            "size_bytes": 22118711296,
            "size_max": null,
            "size_min": null,
            "sort_direction": "asc",
            "sort_key": "name",
            "tag": null,
            "tags": [],
            "updated_at": "2023-03-22T02:21:31Z",
            "visibility": "public"
          },
          "sensitive_attributes": []
        }
      ]
    },
    {
      "module": "module.compute",
      "mode": "data",
      "type": "openstack_networking_network_v2",
      "name": "k8s_network",
      "provider": "provider[\"registry.terraform.io/terraform-provider-openstack/openstack\"]",
      "instances": []
    },
    {
      "module": "module.compute",
      "mode": "data",
      "type": "template_file",
      "name": "cloudinit",
      "provider": "provider[\"registry.terraform.io/hashicorp/template\"]",
      "instances": [
        {
          "schema_version": 0,
          "attributes": {
            "filename": null,
            "id": "00a783a3f1bf84e421424001f88fac3c55d3b853ae3d1d50ac168e6f0829fa68",
            "rendered": "# yamllint disable rule:comments\n#cloud-config\n## in some cases novnc console access is required\n## it requires ssh password to be set\n#ssh_pwauth: yes\n#chpasswd:\n#  list: |\n#    root:secret\n#  expire: False\n\n## in some cases direct root ssh access via ssh key is required\n#disable_root: false\n\n## in some cases additional CA certs are required\n#ca-certs:\n#  trusted: |\n#      -----BEGIN CERTIFICATE-----\n",
            "template": "# yamllint disable rule:comments\n#cloud-config\n## in some cases novnc console access is required\n## it requires ssh password to be set\n#ssh_pwauth: yes\n#chpasswd:\n#  list: |\n#    root:secret\n#  expire: False\n\n## in some cases direct root ssh access via ssh key is required\n#disable_root: false\n\n## in some cases additional CA certs are required\n#ca-certs:\n#  trusted: |\n#      -----BEGIN CERTIFICATE-----\n",
            "vars": null
          },
          "sensitive_attributes": []
        }
      ]
    },
    {
      "module": "module.compute",
      "mode": "managed",
      "type": "openstack_compute_instance_v2",
      "name": "bastion",
      "provider": "provider[\"registry.terraform.io/terraform-provider-openstack/openstack\"]",
      "instances": []
    },
    {
      "module": "module.compute",
      "mode": "managed",
      "type": "openstack_compute_instance_v2",
      "name": "etcd",
      "provider": "provider[\"registry.terraform.io/terraform-provider-openstack/openstack\"]",
      "instances": []
    },
    {
      "module": "module.compute",
      "mode": "managed",
      "type": "openstack_compute_instance_v2",
      "name": "k8s_master_no_etcd",
      "provider": "provider[\"registry.terraform.io/terraform-provider-openstack/openstack\"]",
      "instances": []
    },
    {
      "module": "module.compute",
      "mode": "managed",
      "type": "openstack_compute_instance_v2",
      "name": "k8s_node",
      "provider": "provider[\"registry.terraform.io/terraform-provider-openstack/openstack\"]",
      "instances": []
    },
    {
      "module": "module.compute",
      "mode": "managed",
      "type": "openstack_compute_instance_v2",
      "name": "k8s_node_no_floating_ip",
      "provider": "provider[\"registry.terraform.io/terraform-provider-openstack/openstack\"]",
      "instances": []
    },
    {
      "module": "module.compute",
      "mode": "managed",
      "type": "openstack_compute_keypair_v2",
      "name": "k8s",
      "provider": "provider[\"registry.terraform.io/terraform-provider-openstack/openstack\"]",
      "instances": [
        {
          "schema_version": 0,
          "attributes": {
            "fingerprint": "f6:2f:7e:09:c5:53:98:58:8b:21:f1:05:81:85:be:47",
            "id": "kubernetes-test-k8s-cluster",
            "name": "kubernetes-test-k8s-cluster",
            "private_key": "",
            "public_key": "ssh-rsa AAAAB3NzaC1yc2EAAAADAQABAAABgQDRz64CgPPb9oiYCvvXTDBBaVtbLNsIWOvGJ1NQOXjfs6bQZzugtaSuuNIMIFIpJqNS36xe/ucPqJYdyQCO1HUAk1/iXRFpszzhzREbEEDJUG32fB8HZBuON2Ql1DemGXTtFKlOs4zccOoo1OjCuPSER2PEQhDSrPEvvd2rciZtXYy9NKx8bgkzl+XIQatYx8tTbMGT5yY/Epkborp+/GXnANkNrzFuaJ7MOayBp9Z3CuBjbARwzgxi8cQwCFf/smrtURmDcIslhbD/4C4JYuMWcNsBdQEaaYv4qeea0gAZvvQnLoOURmAIk7KvqnkJEQuGX0bbSpz2P06Vl+JDBbmfngfiWuE9hwEWfAI2NFkUdHbxffb5ltAWfxN9DrrxkoUnbyCcwiwrUJsm9hvqVpH3U4B/MyjVgrk5SwheDni/raO1fI+kYaaK9I61PRIboV4JWhijfn3SEyX1WBIBRxMKs5wzBl11oG068xwVS7IFaG9qWO/M5i15cN3EF0Mz8Is= openstack-ansible-equinix",
            "region": "RegionOne",
            "user_id": "",
            "value_specs": null
          },
          "sensitive_attributes": [],
          "private": "bnVsbA==",
          "dependencies": [
            "module.network.openstack_networking_network_v2.k8s",
            "module.network.openstack_networking_subnet_v2.k8s"
          ]
        }
      ]
    },
    {
      "module": "module.compute",
      "mode": "managed",
      "type": "openstack_compute_servergroup_v2",
      "name": "k8s_etcd",
      "provider": "provider[\"registry.terraform.io/terraform-provider-openstack/openstack\"]",
      "instances": []
    },
    {
      "module": "module.compute",
      "mode": "managed",
      "type": "openstack_compute_servergroup_v2",
      "name": "k8s_master",
      "provider": "provider[\"registry.terraform.io/terraform-provider-openstack/openstack\"]",
      "instances": []
    },
    {
      "module": "module.compute",
      "mode": "managed",
      "type": "openstack_compute_servergroup_v2",
      "name": "k8s_node",
      "provider": "provider[\"registry.terraform.io/terraform-provider-openstack/openstack\"]",
      "instances": []
    },
    {
      "module": "module.compute",
      "mode": "managed",
      "type": "openstack_networking_floatingip_associate_v2",
      "name": "bastion",
      "provider": "provider[\"registry.terraform.io/terraform-provider-openstack/openstack\"]",
      "instances": []
    },
    {
      "module": "module.compute",
      "mode": "managed",
      "type": "openstack_networking_floatingip_associate_v2",
      "name": "k8s_master_no_etcd",
      "provider": "provider[\"registry.terraform.io/terraform-provider-openstack/openstack\"]",
      "instances": []
    },
    {
      "module": "module.compute",
      "mode": "managed",
      "type": "openstack_networking_floatingip_associate_v2",
      "name": "k8s_node",
      "provider": "provider[\"registry.terraform.io/terraform-provider-openstack/openstack\"]",
      "instances": []
    },
    {
      "module": "module.compute",
      "mode": "managed",
      "type": "openstack_networking_port_v2",
      "name": "bastion_port",
      "provider": "provider[\"registry.terraform.io/terraform-provider-openstack/openstack\"]",
      "instances": []
    },
    {
      "module": "module.compute",
      "mode": "managed",
      "type": "openstack_networking_port_v2",
      "name": "etcd_port",
      "provider": "provider[\"registry.terraform.io/terraform-provider-openstack/openstack\"]",
      "instances": []
    },
    {
      "module": "module.compute",
      "mode": "managed",
      "type": "openstack_networking_port_v2",
      "name": "k8s_master_no_etcd_port",
      "provider": "provider[\"registry.terraform.io/terraform-provider-openstack/openstack\"]",
      "instances": []
    },
    {
      "module": "module.compute",
      "mode": "managed",
      "type": "openstack_networking_port_v2",
      "name": "k8s_node_no_floating_ip_port",
      "provider": "provider[\"registry.terraform.io/terraform-provider-openstack/openstack\"]",
      "instances": []
    },
    {
      "module": "module.compute",
      "mode": "managed",
      "type": "openstack_networking_port_v2",
      "name": "k8s_node_port",
      "provider": "provider[\"registry.terraform.io/terraform-provider-openstack/openstack\"]",
      "instances": []
    },
    {
      "module": "module.compute",
      "mode": "managed",
      "type": "openstack_networking_secgroup_rule_v2",
      "name": "bastion",
      "provider": "provider[\"registry.terraform.io/terraform-provider-openstack/openstack\"]",
      "instances": [
        {
          "index_key": 0,
          "schema_version": 0,
          "attributes": {
            "description": "",
            "direction": "ingress",
            "ethertype": "IPv4",
            "id": "56680f7e-c2fe-45b8-9df1-bdea3ae8f9c8",
            "port_range_max": 22,
            "port_range_min": 22,
            "protocol": "tcp",
            "region": "RegionOne",
            "remote_group_id": "",
            "remote_ip_prefix": "0.0.0.0/0",
            "security_group_id": "dd06e671-331f-45af-acbc-79da6996f9f2",
            "tenant_id": "cffac32bb5214802a45a1337fa6e7fb4",
            "timeouts": null
          },
          "sensitive_attributes": [],
          "private": "eyJlMmJmYjczMC1lY2FhLTExZTYtOGY4OC0zNDM2M2JjN2M0YzAiOnsiZGVsZXRlIjo2MDAwMDAwMDAwMDB9fQ==",
          "dependencies": [
            "module.compute.openstack_networking_secgroup_v2.bastion",
            "module.network.openstack_networking_network_v2.k8s",
            "module.network.openstack_networking_subnet_v2.k8s"
          ]
        }
      ]
    },
    {
      "module": "module.compute",
      "mode": "managed",
      "type": "openstack_networking_secgroup_rule_v2",
      "name": "egress",
      "provider": "provider[\"registry.terraform.io/terraform-provider-openstack/openstack\"]",
      "instances": [
        {
          "index_key": 0,
          "schema_version": 0,
          "attributes": {
            "description": "",
            "direction": "egress",
            "ethertype": "IPv4",
            "id": "b85d11a4-4424-4a9c-a4fe-92961290d706",
            "port_range_max": 0,
            "port_range_min": 0,
            "protocol": "",
            "region": "RegionOne",
            "remote_group_id": "",
            "remote_ip_prefix": "0.0.0.0/0",
            "security_group_id": "e040ae06-b3fb-46fc-be54-404d3c3fb92f",
            "tenant_id": "cffac32bb5214802a45a1337fa6e7fb4",
            "timeouts": null
          },
          "sensitive_attributes": [],
          "private": "eyJlMmJmYjczMC1lY2FhLTExZTYtOGY4OC0zNDM2M2JjN2M0YzAiOnsiZGVsZXRlIjo2MDAwMDAwMDAwMDB9fQ==",
          "dependencies": [
            "module.compute.openstack_networking_secgroup_v2.k8s",
            "module.network.openstack_networking_network_v2.k8s",
            "module.network.openstack_networking_subnet_v2.k8s"
          ]
        }
      ]
    },
    {
      "module": "module.compute",
      "mode": "managed",
      "type": "openstack_networking_secgroup_rule_v2",
      "name": "k8s",
      "provider": "provider[\"registry.terraform.io/terraform-provider-openstack/openstack\"]",
      "instances": [
        {
          "schema_version": 0,
          "attributes": {
            "description": "",
            "direction": "ingress",
            "ethertype": "IPv4",
            "id": "4730f1e9-5fb7-4153-878c-85f8035e9fe7",
            "port_range_max": 0,
            "port_range_min": 0,
            "protocol": "",
            "region": "RegionOne",
            "remote_group_id": "e040ae06-b3fb-46fc-be54-404d3c3fb92f",
            "remote_ip_prefix": "",
            "security_group_id": "e040ae06-b3fb-46fc-be54-404d3c3fb92f",
            "tenant_id": "cffac32bb5214802a45a1337fa6e7fb4",
            "timeouts": null
          },
          "sensitive_attributes": [],
          "private": "eyJlMmJmYjczMC1lY2FhLTExZTYtOGY4OC0zNDM2M2JjN2M0YzAiOnsiZGVsZXRlIjo2MDAwMDAwMDAwMDB9fQ==",
          "dependencies": [
            "module.compute.openstack_networking_secgroup_v2.k8s",
            "module.network.openstack_networking_network_v2.k8s",
            "module.network.openstack_networking_subnet_v2.k8s"
          ]
        }
      ]
    },
    {
      "module": "module.compute",
      "mode": "managed",
      "type": "openstack_networking_secgroup_rule_v2",
      "name": "k8s_master",
      "provider": "provider[\"registry.terraform.io/terraform-provider-openstack/openstack\"]",
      "instances": [
        {
          "index_key": 0,
          "schema_version": 0,
          "attributes": {
            "description": "",
            "direction": "ingress",
            "ethertype": "IPv4",
            "id": "a7bc7119-7c5c-403a-abb1-8e3f65c58544",
            "port_range_max": 6443,
            "port_range_min": 6443,
            "protocol": "tcp",
            "region": "RegionOne",
            "remote_group_id": "",
            "remote_ip_prefix": "0.0.0.0/0",
            "security_group_id": "88b06864-b075-4fdc-b4fb-09ce355f093f",
            "tenant_id": "cffac32bb5214802a45a1337fa6e7fb4",
            "timeouts": null
          },
          "sensitive_attributes": [],
          "private": "eyJlMmJmYjczMC1lY2FhLTExZTYtOGY4OC0zNDM2M2JjN2M0YzAiOnsiZGVsZXRlIjo2MDAwMDAwMDAwMDB9fQ==",
          "dependencies": [
            "module.compute.openstack_networking_secgroup_v2.k8s_master",
            "module.network.openstack_networking_network_v2.k8s",
            "module.network.openstack_networking_subnet_v2.k8s"
          ]
        }
      ]
    },
    {
      "module": "module.compute",
      "mode": "managed",
      "type": "openstack_networking_secgroup_rule_v2",
      "name": "worker",
      "provider": "provider[\"registry.terraform.io/terraform-provider-openstack/openstack\"]",
      "instances": [
        {
          "index_key": 0,
          "schema_version": 0,
          "attributes": {
            "description": "",
            "direction": "ingress",
            "ethertype": "IPv4",
            "id": "d89711e6-f3e5-4f07-9fc4-98f9c4d36955",
            "port_range_max": 32767,
            "port_range_min": 30000,
            "protocol": "tcp",
            "region": "RegionOne",
            "remote_group_id": "",
            "remote_ip_prefix": "0.0.0.0/0",
            "security_group_id": "ec8551a7-f2df-4bfd-a442-2c8b593ec81d",
            "tenant_id": "cffac32bb5214802a45a1337fa6e7fb4",
            "timeouts": null
          },
          "sensitive_attributes": [],
          "private": "eyJlMmJmYjczMC1lY2FhLTExZTYtOGY4OC0zNDM2M2JjN2M0YzAiOnsiZGVsZXRlIjo2MDAwMDAwMDAwMDB9fQ==",
          "dependencies": [
            "module.compute.openstack_networking_secgroup_v2.worker",
            "module.network.openstack_networking_network_v2.k8s",
            "module.network.openstack_networking_subnet_v2.k8s"
          ]
        }
      ]
    },
    {
      "module": "module.compute",
      "mode": "managed",
      "type": "openstack_networking_secgroup_v2",
      "name": "bastion",
      "provider": "provider[\"registry.terraform.io/terraform-provider-openstack/openstack\"]",
      "instances": [
        {
          "index_key": 0,
          "schema_version": 0,
          "attributes": {
            "all_tags": [],
            "delete_default_rules": true,
            "description": "test-k8s-cluster - Bastion Server",
            "id": "dd06e671-331f-45af-acbc-79da6996f9f2",
            "name": "test-k8s-cluster-bastion",
            "region": "RegionOne",
            "tags": null,
            "tenant_id": "cffac32bb5214802a45a1337fa6e7fb4",
            "timeouts": null
          },
          "sensitive_attributes": [],
          "private": "eyJlMmJmYjczMC1lY2FhLTExZTYtOGY4OC0zNDM2M2JjN2M0YzAiOnsiZGVsZXRlIjo2MDAwMDAwMDAwMDB9fQ==",
          "dependencies": [
            "module.network.openstack_networking_network_v2.k8s",
            "module.network.openstack_networking_subnet_v2.k8s"
          ]
        }
      ]
    },
    {
      "module": "module.compute",
      "mode": "managed",
      "type": "openstack_networking_secgroup_v2",
      "name": "k8s",
      "provider": "provider[\"registry.terraform.io/terraform-provider-openstack/openstack\"]",
      "instances": [
        {
          "schema_version": 0,
          "attributes": {
            "all_tags": [],
            "delete_default_rules": true,
            "description": "test-k8s-cluster - Kubernetes",
            "id": "e040ae06-b3fb-46fc-be54-404d3c3fb92f",
            "name": "test-k8s-cluster-k8s",
            "region": "RegionOne",
            "tags": null,
            "tenant_id": "cffac32bb5214802a45a1337fa6e7fb4",
            "timeouts": null
          },
          "sensitive_attributes": [],
          "private": "eyJlMmJmYjczMC1lY2FhLTExZTYtOGY4OC0zNDM2M2JjN2M0YzAiOnsiZGVsZXRlIjo2MDAwMDAwMDAwMDB9fQ==",
          "dependencies": [
            "module.network.openstack_networking_network_v2.k8s",
            "module.network.openstack_networking_subnet_v2.k8s"
          ]
        }
      ]
    },
    {
      "module": "module.compute",
      "mode": "managed",
      "type": "openstack_networking_secgroup_v2",
      "name": "k8s_master",
      "provider": "provider[\"registry.terraform.io/terraform-provider-openstack/openstack\"]",
      "instances": [
        {
          "schema_version": 0,
          "attributes": {
            "all_tags": [],
            "delete_default_rules": true,
            "description": "test-k8s-cluster - Kubernetes Master",
            "id": "88b06864-b075-4fdc-b4fb-09ce355f093f",
            "name": "test-k8s-cluster-k8s-master",
            "region": "RegionOne",
            "tags": null,
            "tenant_id": "cffac32bb5214802a45a1337fa6e7fb4",
            "timeouts": null
          },
          "sensitive_attributes": [],
          "private": "eyJlMmJmYjczMC1lY2FhLTExZTYtOGY4OC0zNDM2M2JjN2M0YzAiOnsiZGVsZXRlIjo2MDAwMDAwMDAwMDB9fQ==",
          "dependencies": [
            "module.network.openstack_networking_network_v2.k8s",
            "module.network.openstack_networking_subnet_v2.k8s"
          ]
        }
      ]
    },
    {
      "module": "module.compute",
      "mode": "managed",
      "type": "openstack_networking_secgroup_v2",
      "name": "k8s_master_extra",
      "provider": "provider[\"registry.terraform.io/terraform-provider-openstack/openstack\"]",
      "instances": []
    },
    {
      "module": "module.compute",
      "mode": "managed",
      "type": "openstack_networking_secgroup_v2",
      "name": "worker",
      "provider": "provider[\"registry.terraform.io/terraform-provider-openstack/openstack\"]",
      "instances": [
        {
          "schema_version": 0,
          "attributes": {
            "all_tags": [],
            "delete_default_rules": true,
            "description": "test-k8s-cluster - Kubernetes worker nodes",
            "id": "ec8551a7-f2df-4bfd-a442-2c8b593ec81d",
            "name": "test-k8s-cluster-k8s-worker",
            "region": "RegionOne",
            "tags": null,
            "tenant_id": "cffac32bb5214802a45a1337fa6e7fb4",
            "timeouts": null
          },
          "sensitive_attributes": [],
          "private": "eyJlMmJmYjczMC1lY2FhLTExZTYtOGY4OC0zNDM2M2JjN2M0YzAiOnsiZGVsZXRlIjo2MDAwMDAwMDAwMDB9fQ==",
          "dependencies": [
            "module.network.openstack_networking_network_v2.k8s",
            "module.network.openstack_networking_subnet_v2.k8s"
          ]
        }
      ]
    },
    {
      "module": "module.compute",
      "mode": "managed",
      "type": "openstack_networking_secgroup_v2",
      "name": "worker_extra",
      "provider": "provider[\"registry.terraform.io/terraform-provider-openstack/openstack\"]",
      "instances": []
    },
    {
      "module": "module.ips",
      "mode": "managed",
      "type": "null_resource",
      "name": "dummy_dependency",
      "provider": "provider[\"registry.terraform.io/hashicorp/null\"]",
      "instances": []
    },
    {
      "module": "module.ips",
      "mode": "managed",
      "type": "openstack_networking_floatingip_v2",
      "name": "bastion",
      "provider": "provider[\"registry.terraform.io/terraform-provider-openstack/openstack\"]",
      "instances": []
    },
    {
      "module": "module.ips",
      "mode": "managed",
      "type": "openstack_networking_floatingip_v2",
      "name": "k8s_master",
      "provider": "provider[\"registry.terraform.io/terraform-provider-openstack/openstack\"]",
      "instances": []
    },
    {
      "module": "module.ips",
      "mode": "managed",
      "type": "openstack_networking_floatingip_v2",
      "name": "k8s_master_no_etcd",
      "provider": "provider[\"registry.terraform.io/terraform-provider-openstack/openstack\"]",
      "instances": []
    },
    {
      "module": "module.ips",
      "mode": "managed",
      "type": "openstack_networking_floatingip_v2",
      "name": "k8s_masters",
      "provider": "provider[\"registry.terraform.io/terraform-provider-openstack/openstack\"]",
      "instances": []
    },
    {
      "module": "module.ips",
      "mode": "managed",
      "type": "openstack_networking_floatingip_v2",
      "name": "k8s_node",
      "provider": "provider[\"registry.terraform.io/terraform-provider-openstack/openstack\"]",
      "instances": []
    },
    {
      "module": "module.ips",
      "mode": "managed",
      "type": "openstack_networking_floatingip_v2",
      "name": "k8s_nodes",
      "provider": "provider[\"registry.terraform.io/terraform-provider-openstack/openstack\"]",
      "instances": []
    },
    {
      "module": "module.network",
      "mode": "managed",
      "type": "openstack_networking_network_v2",
      "name": "k8s",
      "provider": "provider[\"registry.terraform.io/terraform-provider-openstack/openstack\"]",
      "instances": [
        {
          "index_key": 0,
          "schema_version": 0,
          "attributes": {
            "admin_state_up": true,
            "all_tags": [],
            "availability_zone_hints": [],
            "description": "",
            "dns_domain": "",
            "external": false,
            "id": "07614cf8-9fdd-4c31-a4a4-0f33092bd435",
            "mtu": 1450,
            "name": "live-internal",
            "port_security_enabled": true,
            "qos_policy_id": "",
            "region": "RegionOne",
            "segments": [],
            "shared": false,
            "tags": null,
            "tenant_id": "cffac32bb5214802a45a1337fa6e7fb4",
            "timeouts": null,
            "transparent_vlan": false,
            "value_specs": null
          },
          "sensitive_attributes": [],
          "private": "eyJlMmJmYjczMC1lY2FhLTExZTYtOGY4OC0zNDM2M2JjN2M0YzAiOnsiY3JlYXRlIjo2MDAwMDAwMDAwMDAsImRlbGV0ZSI6NjAwMDAwMDAwMDAwfX0="
        }
      ]
    },
    {
      "module": "module.network",
      "mode": "managed",
      "type": "openstack_networking_router_interface_v2",
      "name": "k8s",
      "provider": "provider[\"registry.terraform.io/terraform-provider-openstack/openstack\"]",
      "instances": []
    },
    {
      "module": "module.network",
      "mode": "managed",
      "type": "openstack_networking_subnet_v2",
      "name": "k8s",
      "provider": "provider[\"registry.terraform.io/terraform-provider-openstack/openstack\"]",
      "instances": [
        {
          "index_key": 0,
          "schema_version": 0,
          "attributes": {
            "all_tags": [],
            "allocation_pool": [
              {
                "end": "10.0.3.254",
                "start": "10.0.0.2"
              }
            ],
            "allocation_pools": [
              {
                "end": "10.0.3.254",
                "start": "10.0.0.2"
              }
            ],
            "cidr": "10.0.0.0/22",
            "description": "",
            "dns_nameservers": [],
            "enable_dhcp": true,
            "gateway_ip": "10.0.0.1",
            "host_routes": [],
            "id": "fa926ba3-17e9-46e7-9643-ad8307e7ec42",
            "ip_version": 4,
            "ipv6_address_mode": "",
            "ipv6_ra_mode": "",
            "name": "test-k8s-cluster-internal-network",
            "network_id": "07614cf8-9fdd-4c31-a4a4-0f33092bd435",
            "no_gateway": false,
            "prefix_length": null,
            "region": "RegionOne",
            "service_types": [],
            "subnetpool_id": "",
            "tags": null,
            "tenant_id": "cffac32bb5214802a45a1337fa6e7fb4",
            "timeouts": null,
            "value_specs": null
          },
          "sensitive_attributes": [],
          "private": "eyJlMmJmYjczMC1lY2FhLTExZTYtOGY4OC0zNDM2M2JjN2M0YzAiOnsiY3JlYXRlIjo2MDAwMDAwMDAwMDAsImRlbGV0ZSI6NjAwMDAwMDAwMDAwfX0=",
          "dependencies": [
            "module.network.openstack_networking_network_v2.k8s"
          ]
        }
      ]
    }
  ],
  "check_results": null
}
